
Microsoft Visual Studio Solution File, Format Version 12.00
# Visual Studio Version 17
VisualStudioVersion = 17.9.34723.18
MinimumVisualStudioVersion = 10.0.40219.1
Project("{FAE04EC0-301F-11D3-BF4B-00C04F79EFBC}") = "Payroll Appplication", "Payroll Appplication\Payroll Appplication.csproj", "{37F3CD5A-7114-4314-B174-AF4054A65FF0}"
EndProject
Global
	GlobalSection(SolutionConfigurationPlatforms) = preSolution
		Debug|Any CPU = Debug|Any CPU
		Release|Any CPU = Release|Any CPU
	EndGlobalSection
	GlobalSection(ProjectConfigurationPlatforms) = postSolution
		{37F3CD5A-7114-4314-B174-AF4054A65FF0}.Debug|Any CPU.ActiveCfg = Debug|Any CPU
		{37F3CD5A-7114-4314-B174-AF4054A65FF0}.Debug|Any CPU.Build.0 = Debug|Any CPU
		{37F3CD5A-7114-4314-B174-AF4054A65FF0}.Release|Any CPU.ActiveCfg = Release|Any CPU
		{37F3CD5A-7114-4314-B174-AF4054A65FF0}.Release|Any CPU.Build.0 = Release|Any CPU
	EndGlobalSection
	GlobalSection(SolutionProperties) = preSolution
		HideSolutionNode = FALSE
	EndGlobalSection
	GlobalSection(ExtensibilityGlobals) = postSolution
		SolutionGuid = {BA48D450-4E7A-490F-BDD9-B1A5FA3DCA2B}
	EndGlobalSection
EndGlobal
